// !$*UTF8*$!
{
	archiveVersion = 1;
	classes = {
	};
	objectVersion = 46;
	objects = {

/* Begin PBXBuildFile section */
		2E169E7319FF8F680048FA88 /* main.m in Sources */ = {isa = PBXBuildFile; fileRef = 2E169E7219FF8F680048FA88 /* main.m */; };
		2E169E7619FF8F680048FA88 /* AppDelegate.m in Sources */ = {isa = PBXBuildFile; fileRef = 2E169E7519FF8F680048FA88 /* AppDelegate.m */; };
		2E169E7919FF8F680048FA88 /* TestMagicalRecord.xcdatamodeld in Sources */ = {isa = PBXBuildFile; fileRef = 2E169E7719FF8F680048FA88 /* TestMagicalRecord.xcdatamodeld */; };
		2E169E7C19FF8F680048FA88 /* ViewController.m in Sources */ = {isa = PBXBuildFile; fileRef = 2E169E7B19FF8F680048FA88 /* ViewController.m */; };
		2E169E7F19FF8F680048FA88 /* Main.storyboard in Resources */ = {isa = PBXBuildFile; fileRef = 2E169E7D19FF8F680048FA88 /* Main.storyboard */; };
		2E169E8119FF8F680048FA88 /* Images.xcassets in Resources */ = {isa = PBXBuildFile; fileRef = 2E169E8019FF8F680048FA88 /* Images.xcassets */; };
		2E169E8419FF8F680048FA88 /* LaunchScreen.xib in Resources */ = {isa = PBXBuildFile; fileRef = 2E169E8219FF8F680048FA88 /* LaunchScreen.xib */; };
		2E169E9019FF8F680048FA88 /* TestMagicalRecordTests.m in Sources */ = {isa = PBXBuildFile; fileRef = 2E169E8F19FF8F680048FA88 /* TestMagicalRecordTests.m */; };
/* End PBXBuildFile section */

/* Begin PBXContainerItemProxy section */
		2E169E8A19FF8F680048FA88 /* PBXContainerItemProxy */ = {
			isa = PBXContainerItemProxy;
			containerPortal = 2E169E6519FF8F680048FA88 /* Project object */;
			proxyType = 1;
			remoteGlobalIDString = 2E169E6C19FF8F680048FA88;
			remoteInfo = TestMagicalRecord;
		};
/* End PBXContainerItemProxy section */

/* Begin PBXFileReference section */
		2E169E6D19FF8F680048FA88 /* TestMagicalRecord.app */ = {isa = PBXFileReference; explicitFileType = wrapper.application; includeInIndex = 0; path = TestMagicalRecord.app; sourceTree = BUILT_PRODUCTS_DIR; };
		2E169E7119FF8F680048FA88 /* Info.plist */ = {isa = PBXFileReference; lastKnownFileType = text.plist.xml; path = Info.plist; sourceTree = "<group>"; };
		2E169E7219FF8F680048FA88 /* main.m */ = {isa = PBXFileReference; lastKnownFileType = sourcecode.c.objc; path = main.m; sourceTree = "<group>"; };
		2E169E7419FF8F680048FA88 /* AppDelegate.h */ = {isa = PBXFileReference; lastKnownFileType = sourcecode.c.h; path = AppDelegate.h; sourceTree = "<group>"; };
		2E169E7519FF8F680048FA88 /* AppDelegate.m */ = {isa = PBXFileReference; lastKnownFileType = sourcecode.c.objc; path = AppDelegate.m; sourceTree = "<group>"; };
		2E169E7819FF8F680048FA88 /* TestMagicalRecord.xcdatamodel */ = {isa = PBXFileReference; lastKnownFileType = wrapper.xcdatamodel; path = TestMagicalRecord.xcdatamodel; sourceTree = "<group>"; };
		2E169E7A19FF8F680048FA88 /* ViewController.h */ = {isa = PBXFileReference; lastKnownFileType = sourcecode.c.h; path = ViewController.h; sourceTree = "<group>"; };
		2E169E7B19FF8F680048FA88 /* ViewController.m */ = {isa = PBXFileReference; lastKnownFileType = sourcecode.c.objc; path = ViewController.m; sourceTree = "<group>"; };
		2E169E7E19FF8F680048FA88 /* Base */ = {isa = PBXFileReference; lastKnownFileType = file.storyboard; name = Base; path = Base.lproj/Main.storyboard; sourceTree = "<group>"; };
		2E169E8019FF8F680048FA88 /* Images.xcassets */ = {isa = PBXFileReference; lastKnownFileType = folder.assetcatalog; path = Images.xcassets; sourceTree = "<group>"; };
		2E169E8319FF8F680048FA88 /* Base */ = {isa = PBXFileReference; lastKnownFileType = file.xib; name = Base; path = Base.lproj/LaunchScreen.xib; sourceTree = "<group>"; };
		2E169E8919FF8F680048FA88 /* TestMagicalRecordTests.xctest */ = {isa = PBXFileReference; explicitFileType = wrapper.cfbundle; includeInIndex = 0; path = TestMagicalRecordTests.xctest; sourceTree = BUILT_PRODUCTS_DIR; };
		2E169E8E19FF8F680048FA88 /* Info.plist */ = {isa = PBXFileReference; lastKnownFileType = text.plist.xml; path = Info.plist; sourceTree = "<group>"; };
		2E169E8F19FF8F680048FA88 /* TestMagicalRecordTests.m */ = {isa = PBXFileReference; lastKnownFileType = sourcecode.c.objc; path = TestMagicalRecordTests.m; sourceTree = "<group>"; };
/* End PBXFileReference section */

/* Begin PBXFrameworksBuildPhase section */
		2E169E6A19FF8F680048FA88 /* Frameworks */ = {
			isa = PBXFrameworksBuildPhase;
			buildActionMask = 2147483647;
			files = (
			);
			runOnlyForDeploymentPostprocessing = 0;
		};
		2E169E8619FF8F680048FA88 /* Frameworks */ = {
			isa = PBXFrameworksBuildPhase;
			buildActionMask = 2147483647;
			files = (
			);
			runOnlyForDeploymentPostprocessing = 0;
		};
/* End PBXFrameworksBuildPhase section */

/* Begin PBXGroup section */
		2E169E6419FF8F680048FA88 = {
			isa = PBXGroup;
			children = (
				2E169E6F19FF8F680048FA88 /* TestMagicalRecord */,
				2E169E8C19FF8F680048FA88 /* TestMagicalRecordTests */,
				2E169E6E19FF8F680048FA88 /* Products */,
			);
			sourceTree = "<group>";
		};
		2E169E6E19FF8F680048FA88 /* Products */ = {
			isa = PBXGroup;
			children = (
				2E169E6D19FF8F680048FA88 /* TestMagicalRecord.app */,
				2E169E8919FF8F680048FA88 /* TestMagicalRecordTests.xctest */,
			);
			name = Products;
			sourceTree = "<group>";
		};
		2E169E6F19FF8F680048FA88 /* TestMagicalRecord */ = {
			isa = PBXGroup;
			children = (
				2E169E7419FF8F680048FA88 /* AppDelegate.h */,
				2E169E7519FF8F680048FA88 /* AppDelegate.m */,
				2E169E7A19FF8F680048FA88 /* ViewController.h */,
				2E169E7B19FF8F680048FA88 /* ViewController.m */,
				2E169E7D19FF8F680048FA88 /* Main.storyboard */,
				2E169E8019FF8F680048FA88 /* Images.xcassets */,
				2E169E8219FF8F680048FA88 /* LaunchScreen.xib */,
				2E169E7719FF8F680048FA88 /* TestMagicalRecord.xcdatamodeld */,
				2E169E7019FF8F680048FA88 /* Supporting Files */,
			);
			path = TestMagicalRecord;
			sourceTree = "<group>";
		};
		2E169E7019FF8F680048FA88 /* Supporting Files */ = {
			isa = PBXGroup;
			children = (
				2E169E7119FF8F680048FA88 /* Info.plist */,
				2E169E7219FF8F680048FA88 /* main.m */,
			);
			name = "Supporting Files";
			sourceTree = "<group>";
		};
		2E169E8C19FF8F680048FA88 /* TestMagicalRecordTests */ = {
			isa = PBXGroup;
			children = (
				2E169E8F19FF8F680048FA88 /* TestMagicalRecordTests.m */,
				2E169E8D19FF8F680048FA88 /* Supporting Files */,
			);
			path = TestMagicalRecordTests;
			sourceTree = "<group>";
		};
		2E169E8D19FF8F680048FA88 /* Supporting Files */ = {
			isa = PBXGroup;
			children = (
				2E169E8E19FF8F680048FA88 /* Info.plist */,
			);
			name = "Supporting Files";
			sourceTree = "<group>";
		};
/* End PBXGroup section */

/* Begin PBXNativeTarget section */
		2E169E6C19FF8F680048FA88 /* TestMagicalRecord */ = {
			isa = PBXNativeTarget;
			buildConfigurationList = 2E169E9319FF8F680048FA88 /* Build configuration list for PBXNativeTarget "TestMagicalRecord" */;
			buildPhases = (
				2E169E6919FF8F680048FA88 /* Sources */,
				2E169E6A19FF8F680048FA88 /* Frameworks */,
				2E169E6B19FF8F680048FA88 /* Resources */,
			);
			buildRules = (
			);
			dependencies = (
			);
			name = TestMagicalRecord;
			productName = TestMagicalRecord;
			productReference = 2E169E6D19FF8F680048FA88 /* TestMagicalRecord.app */;
			productType = "com.apple.product-type.application";
		};
		2E169E8819FF8F680048FA88 /* TestMagicalRecordTests */ = {
			isa = PBXNativeTarget;
			buildConfigurationList = 2E169E9619FF8F680048FA88 /* Build configuration list for PBXNativeTarget "TestMagicalRecordTests" */;
			buildPhases = (
				2E169E8519FF8F680048FA88 /* Sources */,
				2E169E8619FF8F680048FA88 /* Frameworks */,
				2E169E8719FF8F680048FA88 /* Resources */,
			);
			buildRules = (
			);
			dependencies = (
				2E169E8B19FF8F680048FA88 /* PBXTargetDependency */,
			);
			name = TestMagicalRecordTests;
			productName = TestMagicalRecordTests;
			productReference = 2E169E8919FF8F680048FA88 /* TestMagicalRecordTests.xctest */;
			productType = "com.apple.product-type.bundle.unit-test";
		};
/* End PBXNativeTarget section */

/* Begin PBXProject section */
		2E169E6519FF8F680048FA88 /* Project object */ = {
			isa = PBXProject;
			attributes = {
				LastUpgradeCheck = 0610;
				ORGANIZATIONNAME = pad;
				TargetAttributes = {
					2E169E6C19FF8F680048FA88 = {
						CreatedOnToolsVersion = 6.1;
					};
					2E169E8819FF8F680048FA88 = {
						CreatedOnToolsVersion = 6.1;
						TestTargetID = 2E169E6C19FF8F680048FA88;
					};
				};
			};
			buildConfigurationList = 2E169E6819FF8F680048FA88 /* Build configuration list for PBXProject "TestMagicalRecord" */;
			compatibilityVersion = "Xcode 3.2";
			developmentRegion = English;
			hasScannedForEncodings = 0;
			knownRegions = (
				en,
				Base,
			);
			mainGroup = 2E169E6419FF8F680048FA88;
			productRefGroup = 2E169E6E19FF8F680048FA88 /* Products */;
			projectDirPath = "";
			projectRoot = "";
			targets = (
				2E169E6C19FF8F680048FA88 /* TestMagicalRecord */,
				2E169E8819FF8F680048FA88 /* TestMagicalRecordTests */,
			);
		};
/* End PBXProject section */

/* Begin PBXResourcesBuildPhase section */
		2E169E6B19FF8F680048FA88 /* Resources */ = {
			isa = PBXResourcesBuildPhase;
			buildActionMask = 2147483647;
			files = (
				2E169E7F19FF8F680048FA88 /* Main.storyboard in Resources */,
				2E169E8419FF8F680048FA88 /* LaunchScreen.xib in Resources */,
				2E169E8119FF8F680048FA88 /* Images.xcassets in Resources */,
			);
			runOnlyForDeploymentPostprocessing = 0;
		};
		2E169E8719FF8F680048FA88 /* Resources */ = {
			isa = PBXResourcesBuildPhase;
			buildActionMask = 2147483647;
			files = (
			);
			runOnlyForDeploymentPostprocessing = 0;
		};
/* End PBXResourcesBuildPhase section */

/* Begin PBXSourcesBuildPhase section */
		2E169E6919FF8F680048FA88 /* Sources */ = {
			isa = PBXSourcesBuildPhase;
			buildActionMask = 2147483647;
			files = (
				2E169E7619FF8F680048FA88 /* AppDelegate.m in Sources */,
				2E169E7919FF8F680048FA88 /* TestMagicalRecord.xcdatamodeld in Sources */,
				2E169E7C19FF8F680048FA88 /* ViewController.m in Sources */,
				2E169E7319FF8F680048FA88 /* main.m in Sources */,
			);
			runOnlyForDeploymentPostprocessing = 0;
		};
		2E169E8519FF8F680048FA88 /* Sources */ = {
			isa = PBXSourcesBuildPhase;
			buildActionMask = 2147483647;
			files = (
				2E169E9019FF8F680048FA88 /* TestMagicalRecordTests.m in Sources */,
			);
			runOnlyForDeploymentPostprocessing = 0;
		};
/* End PBXSourcesBuildPhase section */

/* Begin PBXTargetDependency section */
		2E169E8B19FF8F680048FA88 /* PBXTargetDependency */ = {
			isa = PBXTargetDependency;
			target = 2E169E6C19FF8F680048FA88 /* TestMagicalRecord */;
			targetProxy = 2E169E8A19FF8F680048FA88 /* PBXContainerItemProxy */;
		};
/* End PBXTargetDependency section */

/* Begin PBXVariantGroup section */
		2E169E7D19FF8F680048FA88 /* Main.storyboard */ = {
			isa = PBXVariantGroup;
			children = (
				2E169E7E19FF8F680048FA88 /* Base */,
			);
			name = Main.storyboard;
			sourceTree = "<group>";
		};
		2E169E8219FF8F680048FA88 /* LaunchScreen.xib */ = {
			isa = PBXVariantGroup;
			children = (
				2E169E8319FF8F680048FA88 /* Base */,
			);
			name = LaunchScreen.xib;
			sourceTree = "<group>";
		};
/* End PBXVariantGroup section */

/* Begin XCBuildConfiguration section */
		2E169E9119FF8F680048FA88 /* Debug */ = {
			isa = XCBuildConfiguration;
			buildSettings = {
				ALWAYS_SEARCH_USER_PATHS = NO;
				CLANG_CXX_LANGUAGE_STANDARD = "gnu++0x";
				CLANG_CXX_LIBRARY = "libc++";
				CLANG_ENABLE_MODULES = YES;
				CLANG_ENABLE_OBJC_ARC = YES;
				CLANG_WARN_BOOL_CONVERSION = YES;
				CLANG_WARN_CONSTANT_CONVERSION = YES;
				CLANG_WARN_DIRECT_OBJC_ISA_USAGE = YES_ERROR;
				CLANG_WARN_EMPTY_BODY = YES;
				CLANG_WARN_ENUM_CONVERSION = YES;
				CLANG_WARN_INT_CONVERSION = YES;
				CLANG_WARN_OBJC_ROOT_CLASS = YES_ERROR;
				CLANG_WARN_UNREACHABLE_CODE = YES;
				CLANG_WARN__DUPLICATE_METHOD_MATCH = YES;
				"CODE_SIGN_IDENTITY[sdk=iphoneos*]" = "iPhone Developer";
				COPY_PHASE_STRIP = NO;
				ENABLE_STRICT_OBJC_MSGSEND = YES;
				GCC_C_LANGUAGE_STANDARD = gnu99;
				GCC_DYNAMIC_NO_PIC = NO;
				GCC_OPTIMIZATION_LEVEL = 0;
				GCC_PREPROCESSOR_DEFINITIONS = (
					"DEBUG=1",
					"$(inherited)",
				);
				GCC_SYMBOLS_PRIVATE_EXTERN = NO;
				GCC_WARN_64_TO_32_BIT_CONVERSION = YES;
				GCC_WARN_ABOUT_RETURN_TYPE = YES_ERROR;
				GCC_WARN_UNDECLARED_SELECTOR = YES;
				GCC_WARN_UNINITIALIZED_AUTOS = YES_AGGRESSIVE;
				GCC_WARN_UNUSED_FUNCTION = YES;
				GCC_WARN_UNUSED_VARIABLE = YES;
				IPHONEOS_DEPLOYMENT_TARGET = 8.1;
				MTL_ENABLE_DEBUG_INFO = YES;
				ONLY_ACTIVE_ARCH = YES;
				SDKROOT = iphoneos;
			};
			name = Debug;
		};
		2E169E9219FF8F680048FA88 /* Release */ = {
			isa = XCBuildConfiguration;
			buildSettings = {
				ALWAYS_SEARCH_USER_PATHS = NO;
				CLANG_CXX_LANGUAGE_STANDARD = "gnu++0x";
				CLANG_CXX_LIBRARY = "libc++";
				CLANG_ENABLE_MODULES = YES;
				CLANG_ENABLE_OBJC_ARC = YES;
				CLANG_WARN_BOOL_CONVERSION = YES;
				CLANG_WARN_CONSTANT_CONVERSION = YES;
				CLANG_WARN_DIRECT_OBJC_ISA_USAGE = YES_ERROR;
				CLANG_WARN_EMPTY_BODY = YES;
				CLANG_WARN_ENUM_CONVERSION = YES;
				CLANG_WARN_INT_CONVERSION = YES;
				CLANG_WARN_OBJC_ROOT_CLASS = YES_ERROR;
				CLANG_WARN_UNREACHABLE_CODE = YES;
				CLANG_WARN__DUPLICATE_METHOD_MATCH = YES;
				"CODE_SIGN_IDENTITY[sdk=iphoneos*]" = "iPhone Developer";
				COPY_PHASE_STRIP = YES;
				ENABLE_NS_ASSERTIONS = NO;
				ENABLE_STRICT_OBJC_MSGSEND = YES;
				GCC_C_LANGUAGE_STANDARD = gnu99;
				GCC_WARN_64_TO_32_BIT_CONVERSION = YES;
				GCC_WARN_ABOUT_RETURN_TYPE = YES_ERROR;
				GCC_WARN_UNDECLARED_SELECTOR = YES;
				GCC_WARN_UNINITIALIZED_AUTOS = YES_AGGRESSIVE;
				GCC_WARN_UNUSED_FUNCTION = YES;
				GCC_WARN_UNUSED_VARIABLE = YES;
				IPHONEOS_DEPLOYMENT_TARGET = 8.1;
				MTL_ENABLE_DEBUG_INFO = NO;
				SDKROOT = iphoneos;
				VALIDATE_PRODUCT = YES;
			};
			name = Release;
		};
		2E169E9419FF8F680048FA88 /* Debug */ = {
			isa = XCBuildConfiguration;
			buildSettings = {
				ASSETCATALOG_COMPILER_APPICON_NAME = AppIcon;
				INFOPLIST_FILE = TestMagicalRecord/Info.plist;
				LD_RUNPATH_SEARCH_PATHS = "$(inherited) @executable_path/Frameworks";
				PRODUCT_NAME = "$(TARGET_NAME)";
			};
			name = Debug;
		};
		2E169E9519FF8F680048FA88 /* Release */ = {
			isa = XCBuildConfiguration;
			buildSettings = {
				ASSETCATALOG_COMPILER_APPICON_NAME = AppIcon;
				INFOPLIST_FILE = TestMagicalRecord/Info.plist;
				LD_RUNPATH_SEARCH_PATHS = "$(inherited) @executable_path/Frameworks";
				PRODUCT_NAME = "$(TARGET_NAME)";
			};
			name = Release;
		};
		2E169E9719FF8F680048FA88 /* Debug */ = {
			isa = XCBuildConfiguration;
			buildSettings = {
				BUNDLE_LOADER = "$(TEST_HOST)";
				FRAMEWORK_SEARCH_PATHS = (
					"$(SDKROOT)/Developer/Library/Frameworks",
					"$(inherited)",
				);
				GCC_PREPROCESSOR_DEFINITIONS = (
					"DEBUG=1",
					"$(inherited)",
				);
				INFOPLIST_FILE = TestMagicalRecordTests/Info.plist;
				LD_RUNPATH_SEARCH_PATHS = "$(inherited) @executable_path/Frameworks @loader_path/Frameworks";
				PRODUCT_NAME = "$(TARGET_NAME)";
				TEST_HOST = "$(BUILT_PRODUCTS_DIR)/TestMagicalRecord.app/TestMagicalRecord";
			};
			name = Debug;
		};
		2E169E9819FF8F680048FA88 /* Release */ = {
			isa = XCBuildConfiguration;
			buildSettings = {
				BUNDLE_LOADER = "$(TEST_HOST)";
				FRAMEWORK_SEARCH_PATHS = (
					"$(SDKROOT)/Developer/Library/Frameworks",
					"$(inherited)",
				);
				INFOPLIST_FILE = TestMagicalRecordTests/Info.plist;
				LD_RUNPATH_SEARCH_PATHS = "$(inherited) @executable_path/Frameworks @loader_path/Frameworks";
				PRODUCT_NAME = "$(TARGET_NAME)";
				TEST_HOST = "$(BUILT_PRODUCTS_DIR)/TestMagicalRecord.app/TestMagicalRecord";
			};
			name = Release;
		};
/* End XCBuildConfiguration section */

/* Begin XCConfigurationList section */
		2E169E6819FF8F680048FA88 /* Build configuration list for PBXProject "TestMagicalRecord" */ = {
			isa = XCConfigurationList;
			buildConfigurations = (
				2E169E9119FF8F680048FA88 /* Debug */,
				2E169E9219FF8F680048FA88 /* Release */,
			);
			defaultConfigurationIsVisible = 0;
			defaultConfigurationName = Release;
		};
		2E169E9319FF8F680048FA88 /* Build configuration list for PBXNativeTarget "TestMagicalRecord" */ = {
			isa = XCConfigurationList;
			buildConfigurations = (
				2E169E9419FF8F680048FA88 /* Debug */,
				2E169E9519FF8F680048FA88 /* Release */,
			);
			defaultConfigurationIsVisible = 0;
		};
		2E169E9619FF8F680048FA88 /* Build configuration list for PBXNativeTarget "TestMagicalRecordTests" */ = {
			isa = XCConfigurationList;
			buildConfigurations = (
				2E169E9719FF8F680048FA88 /* Debug */,
				2E169E9819FF8F680048FA88 /* Release */,
			);
			defaultConfigurationIsVisible = 0;
		};
/* End XCConfigurationList section */

/* Begin XCVersionGroup section */
		2E169E7719FF8F680048FA88 /* TestMagicalRecord.xcdatamodeld */ = {
			isa = XCVersionGroup;
			children = (
				2E169E7819FF8F680048FA88 /* TestMagicalRecord.xcdatamodel */,
			);
			currentVersion = 2E169E7819FF8F680048FA88 /* TestMagicalRecord.xcdatamodel */;
			path = TestMagicalRecord.xcdatamodeld;
			sourceTree = "<group>";
			versionGroupType = wrapper.xcdatamodel;
		};
/* End XCVersionGroup section */
	};
	rootObject = 2E169E6519FF8F680048FA88 /* Project object */;
}
